
Microsoft Visual Studio Solution File, Format Version 12.00
# Visual Studio Version 17
VisualStudioVersion = 17.7.33711.374
MinimumVisualStudioVersion = 10.0.40219.1
Project("{2150E333-8FDC-42A3-9474-1A3956D46DE8}") = "UserService", "UserService", "{6E168184-87BE-4B65-B336-1525A2ADD68C}"
EndProject
Project("{2150E333-8FDC-42A3-9474-1A3956D46DE8}") = "MediaService", "MediaService", "{FC0A7714-C1A0-4DDA-8D08-5B91D3A89453}"
EndProject
Project("{2150E333-8FDC-42A3-9474-1A3956D46DE8}") = "AdService", "AdService", "{9B731940-47C8-4342-AD05-1ACAD8F3C4EF}"
EndProject
Project("{2150E333-8FDC-42A3-9474-1A3956D46DE8}") = "AnalyticsService", "AnalyticsService", "{D3496ED1-20F7-4491-A288-162020E6B2AA}"
EndProject
Project("{2150E333-8FDC-42A3-9474-1A3956D46DE8}") = "Services", "Services", "{322AC924-1039-415E-BDDE-EFAE90436CEC}"
EndProject
Project("{9A19103F-16F7-4668-BE54-9A1E7A4F7556}") = "StdsSocialMediaBackend.ApiGateway", "StdsSocialMediaBackend.Gateway\StdsSocialMediaBackend.ApiGateway\StdsSocialMediaBackend.ApiGateway.csproj", "{E8CD9562-126A-47BC-87A0-175AED4B9F87}"
EndProject
Project("{9A19103F-16F7-4668-BE54-9A1E7A4F7556}") = "StdsSocialMediaBackend.OcelotApiGateway", "StdsSocialMediaBackend.Gateway\StdsSocialMediaBackend.OcelotApiGateway\StdsSocialMediaBackend.OcelotApiGateway.csproj", "{B6E2CF38-32FD-44B0-8EDE-B1B2B562572B}"
EndProject
Project("{2150E333-8FDC-42A3-9474-1A3956D46DE8}") = "Shared", "Shared", "{C7F9C7A9-54AB-45D2-A203-EA7DF804D18D}"
EndProject
Project("{9A19103F-16F7-4668-BE54-9A1E7A4F7556}") = "StdsSocialMediaBackend.Domain", "StdsSocialMediaBackend.Shared\StdsSocialMediaBackend.Domain\StdsSocialMediaBackend.Domain.csproj", "{124D130B-3963-464B-9A46-2C14ACE79DDD}"
EndProject
Project("{2150E333-8FDC-42A3-9474-1A3956D46DE8}") = "Gateway", "Gateway", "{67E969E1-D2B3-414D-8CBE-41E504D29CDE}"
EndProject
Project("{9A19103F-16F7-4668-BE54-9A1E7A4F7556}") = "StdsSocialMediaBackend.MediaController.WebApi", "StdsSocialMediaBackend.Services\StdsSocialMediaBackend.MediaService.WebApi\StdsSocialMediaBackend.MediaController.WebApi.csproj", "{AE3FFC12-A3EF-4DB9-B475-C98F59F6AF4E}"
EndProject
Project("{9A19103F-16F7-4668-BE54-9A1E7A4F7556}") = "StdsSocialMediaBackend.UserService.WebApi", "StdsSocialMediaBackend.Services\StdsSocialMediaBackend.UserService.WebApi\StdsSocialMediaBackend.UserService.WebApi.csproj", "{1E7D1E04-CE21-4268-A7C4-29647E6FF580}"
EndProject
Project("{9A19103F-16F7-4668-BE54-9A1E7A4F7556}") = "StdsSocialMediaBackend.Application", "StdsSocialMediaBackend.Shared\StdsSocialMediaBackend.Application\StdsSocialMediaBackend.Application.csproj", "{18335B29-4BFE-4FDA-B7C7-CDB5AB48449D}"
EndProject
Project("{9A19103F-16F7-4668-BE54-9A1E7A4F7556}") = "StdsSocialMediaBackend.Infrastructure", "StdsSocialMediaBackend.Shared\StdsSocialMediaBackend.Infrastructure\StdsSocialMediaBackend.Infrastructure.csproj", "{24490008-5A66-4A58-85A5-E911EB139380}"
EndProject
Project("{2150E333-8FDC-42A3-9474-1A3956D46DE8}") = "AuthService", "AuthService", "{E14A906D-038E-4683-91D2-1E432F006D20}"
EndProject
Project("{9A19103F-16F7-4668-BE54-9A1E7A4F7556}") = "StdsSocialMediaBackend.AuthService.WebApi", "StdsSocialMediaBackend.Services\StdsSocialMediaBackend.AuthService.WebApi\StdsSocialMediaBackend.AuthService.WebApi.csproj", "{3C899379-2B51-4A1D-9DCB-31F92184D758}"
EndProject
Project("{9A19103F-16F7-4668-BE54-9A1E7A4F7556}") = "StdsSocialMediaBackend.OcelotGateway", "StdsSocialMediaBackend.OcelotGateway\StdsSocialMediaBackend.OcelotGateway.csproj", "{D2E3950A-0AC1-441D-A317-0BA22D4A196E}"
EndProject
Project("{FAE04EC0-301F-11D3-BF4B-00C04F79EFBC}") = "StdsSocialMediaBackend.GatewayApp", "StdsSocialMediaBackend.GatewayApp\StdsSocialMediaBackend.GatewayApp.csproj", "{7DF00282-1666-415A-A196-6F00067D812C}"
EndProject
Global
	GlobalSection(SolutionConfigurationPlatforms) = preSolution
		Debug|Any CPU = Debug|Any CPU
		Release|Any CPU = Release|Any CPU
	EndGlobalSection
	GlobalSection(ProjectConfigurationPlatforms) = postSolution
		{E8CD9562-126A-47BC-87A0-175AED4B9F87}.Debug|Any CPU.ActiveCfg = Debug|Any CPU
		{E8CD9562-126A-47BC-87A0-175AED4B9F87}.Debug|Any CPU.Build.0 = Debug|Any CPU
		{E8CD9562-126A-47BC-87A0-175AED4B9F87}.Release|Any CPU.ActiveCfg = Release|Any CPU
		{E8CD9562-126A-47BC-87A0-175AED4B9F87}.Release|Any CPU.Build.0 = Release|Any CPU
		{B6E2CF38-32FD-44B0-8EDE-B1B2B562572B}.Debug|Any CPU.ActiveCfg = Debug|Any CPU
		{B6E2CF38-32FD-44B0-8EDE-B1B2B562572B}.Debug|Any CPU.Build.0 = Debug|Any CPU
		{B6E2CF38-32FD-44B0-8EDE-B1B2B562572B}.Release|Any CPU.ActiveCfg = Release|Any CPU
		{B6E2CF38-32FD-44B0-8EDE-B1B2B562572B}.Release|Any CPU.Build.0 = Release|Any CPU
		{124D130B-3963-464B-9A46-2C14ACE79DDD}.Debug|Any CPU.ActiveCfg = Debug|Any CPU
		{124D130B-3963-464B-9A46-2C14ACE79DDD}.Debug|Any CPU.Build.0 = Debug|Any CPU
		{124D130B-3963-464B-9A46-2C14ACE79DDD}.Release|Any CPU.ActiveCfg = Release|Any CPU
		{124D130B-3963-464B-9A46-2C14ACE79DDD}.Release|Any CPU.Build.0 = Release|Any CPU
		{AE3FFC12-A3EF-4DB9-B475-C98F59F6AF4E}.Debug|Any CPU.ActiveCfg = Debug|Any CPU
		{AE3FFC12-A3EF-4DB9-B475-C98F59F6AF4E}.Debug|Any CPU.Build.0 = Debug|Any CPU
		{AE3FFC12-A3EF-4DB9-B475-C98F59F6AF4E}.Release|Any CPU.ActiveCfg = Release|Any CPU
		{AE3FFC12-A3EF-4DB9-B475-C98F59F6AF4E}.Release|Any CPU.Build.0 = Release|Any CPU
		{1E7D1E04-CE21-4268-A7C4-29647E6FF580}.Debug|Any CPU.ActiveCfg = Debug|Any CPU
		{1E7D1E04-CE21-4268-A7C4-29647E6FF580}.Debug|Any CPU.Build.0 = Debug|Any CPU
		{1E7D1E04-CE21-4268-A7C4-29647E6FF580}.Release|Any CPU.ActiveCfg = Release|Any CPU
		{1E7D1E04-CE21-4268-A7C4-29647E6FF580}.Release|Any CPU.Build.0 = Release|Any CPU
		{18335B29-4BFE-4FDA-B7C7-CDB5AB48449D}.Debug|Any CPU.ActiveCfg = Debug|Any CPU
		{18335B29-4BFE-4FDA-B7C7-CDB5AB48449D}.Debug|Any CPU.Build.0 = Debug|Any CPU
		{18335B29-4BFE-4FDA-B7C7-CDB5AB48449D}.Release|Any CPU.ActiveCfg = Release|Any CPU
		{18335B29-4BFE-4FDA-B7C7-CDB5AB48449D}.Release|Any CPU.Build.0 = Release|Any CPU
		{24490008-5A66-4A58-85A5-E911EB139380}.Debug|Any CPU.ActiveCfg = Debug|Any CPU
		{24490008-5A66-4A58-85A5-E911EB139380}.Debug|Any CPU.Build.0 = Debug|Any CPU
		{24490008-5A66-4A58-85A5-E911EB139380}.Release|Any CPU.ActiveCfg = Release|Any CPU
		{24490008-5A66-4A58-85A5-E911EB139380}.Release|Any CPU.Build.0 = Release|Any CPU
		{3C899379-2B51-4A1D-9DCB-31F92184D758}.Debug|Any CPU.ActiveCfg = Debug|Any CPU
		{3C899379-2B51-4A1D-9DCB-31F92184D758}.Debug|Any CPU.Build.0 = Debug|Any CPU
		{3C899379-2B51-4A1D-9DCB-31F92184D758}.Release|Any CPU.ActiveCfg = Release|Any CPU
		{3C899379-2B51-4A1D-9DCB-31F92184D758}.Release|Any CPU.Build.0 = Release|Any CPU
		{D2E3950A-0AC1-441D-A317-0BA22D4A196E}.Debug|Any CPU.ActiveCfg = Debug|Any CPU
		{D2E3950A-0AC1-441D-A317-0BA22D4A196E}.Debug|Any CPU.Build.0 = Debug|Any CPU
		{D2E3950A-0AC1-441D-A317-0BA22D4A196E}.Release|Any CPU.ActiveCfg = Release|Any CPU
		{D2E3950A-0AC1-441D-A317-0BA22D4A196E}.Release|Any CPU.Build.0 = Release|Any CPU
		{7DF00282-1666-415A-A196-6F00067D812C}.Debug|Any CPU.ActiveCfg = Debug|Any CPU
		{7DF00282-1666-415A-A196-6F00067D812C}.Debug|Any CPU.Build.0 = Debug|Any CPU
		{7DF00282-1666-415A-A196-6F00067D812C}.Release|Any CPU.ActiveCfg = Release|Any CPU
		{7DF00282-1666-415A-A196-6F00067D812C}.Release|Any CPU.Build.0 = Release|Any CPU
	EndGlobalSection
	GlobalSection(SolutionProperties) = preSolution
		HideSolutionNode = FALSE
	EndGlobalSection
	GlobalSection(NestedProjects) = preSolution
		{6E168184-87BE-4B65-B336-1525A2ADD68C} = {322AC924-1039-415E-BDDE-EFAE90436CEC}
		{FC0A7714-C1A0-4DDA-8D08-5B91D3A89453} = {322AC924-1039-415E-BDDE-EFAE90436CEC}
		{9B731940-47C8-4342-AD05-1ACAD8F3C4EF} = {322AC924-1039-415E-BDDE-EFAE90436CEC}
		{D3496ED1-20F7-4491-A288-162020E6B2AA} = {322AC924-1039-415E-BDDE-EFAE90436CEC}
		{E8CD9562-126A-47BC-87A0-175AED4B9F87} = {67E969E1-D2B3-414D-8CBE-41E504D29CDE}
		{B6E2CF38-32FD-44B0-8EDE-B1B2B562572B} = {67E969E1-D2B3-414D-8CBE-41E504D29CDE}
		{124D130B-3963-464B-9A46-2C14ACE79DDD} = {C7F9C7A9-54AB-45D2-A203-EA7DF804D18D}
		{AE3FFC12-A3EF-4DB9-B475-C98F59F6AF4E} = {FC0A7714-C1A0-4DDA-8D08-5B91D3A89453}
		{1E7D1E04-CE21-4268-A7C4-29647E6FF580} = {6E168184-87BE-4B65-B336-1525A2ADD68C}
		{18335B29-4BFE-4FDA-B7C7-CDB5AB48449D} = {C7F9C7A9-54AB-45D2-A203-EA7DF804D18D}
		{24490008-5A66-4A58-85A5-E911EB139380} = {C7F9C7A9-54AB-45D2-A203-EA7DF804D18D}
		{E14A906D-038E-4683-91D2-1E432F006D20} = {322AC924-1039-415E-BDDE-EFAE90436CEC}
		{3C899379-2B51-4A1D-9DCB-31F92184D758} = {E14A906D-038E-4683-91D2-1E432F006D20}
		{D2E3950A-0AC1-441D-A317-0BA22D4A196E} = {67E969E1-D2B3-414D-8CBE-41E504D29CDE}
		{7DF00282-1666-415A-A196-6F00067D812C} = {67E969E1-D2B3-414D-8CBE-41E504D29CDE}
	EndGlobalSection
	GlobalSection(ExtensibilityGlobals) = postSolution
		SolutionGuid = {B4D0CD51-1C95-4859-A7ED-3202FB2E1A51}
	EndGlobalSection
EndGlobal
